
Microsoft Visual Studio Solution File, Format Version 12.00
# Visual Studio 15
VisualStudioVersion = 15.0.28307.757
MinimumVisualStudioVersion = 10.0.40219.1
Project("{FAE04EC0-301F-11D3-BF4B-00C04F79EFBC}") = "Lecture3(3)", "Lecture3(3)\Lecture3(3).csproj", "{B8981BB5-0177-4D7F-AF9C-398370ADB9B8}"
EndProject
Global
	GlobalSection(SolutionConfigurationPlatforms) = preSolution
		Debug|Any CPU = Debug|Any CPU
		Release|Any CPU = Release|Any CPU
	EndGlobalSection
	GlobalSection(ProjectConfigurationPlatforms) = postSolution
		{B8981BB5-0177-4D7F-AF9C-398370ADB9B8}.Debug|Any CPU.ActiveCfg = Debug|Any CPU
		{B8981BB5-0177-4D7F-AF9C-398370ADB9B8}.Debug|Any CPU.Build.0 = Debug|Any CPU
		{B8981BB5-0177-4D7F-AF9C-398370ADB9B8}.Release|Any CPU.ActiveCfg = Release|Any CPU
		{B8981BB5-0177-4D7F-AF9C-398370ADB9B8}.Release|Any CPU.Build.0 = Release|Any CPU
	EndGlobalSection
	GlobalSection(SolutionProperties) = preSolution
		HideSolutionNode = FALSE
	EndGlobalSection
	GlobalSection(ExtensibilityGlobals) = postSolution
		SolutionGuid = {A838EC3D-FDF0-46FE-BB9D-A4038AD5A0D9}
	EndGlobalSection
EndGlobal
